
Microsoft Visual Studio Solution File, Format Version 12.00
# Visual Studio Version 16
VisualStudioVersion = 16.0.32901.82
MinimumVisualStudioVersion = 10.0.40219.1
Project("{FAE04EC0-301F-11D3-BF4B-00C04F79EFBC}") = "CIFTCI ATM", "CIFTCI ATM\CIFTCI ATM.csproj", "{66BA2D52-1A5B-43CC-8ED4-90F9A5D98606}"
EndProject
Global
	GlobalSection(SolutionConfigurationPlatforms) = preSolution
		Debug|Any CPU = Debug|Any CPU
		Release|Any CPU = Release|Any CPU
	EndGlobalSection
	GlobalSection(ProjectConfigurationPlatforms) = postSolution
		{66BA2D52-1A5B-43CC-8ED4-90F9A5D98606}.Debug|Any CPU.ActiveCfg = Debug|Any CPU
		{66BA2D52-1A5B-43CC-8ED4-90F9A5D98606}.Debug|Any CPU.Build.0 = Debug|Any CPU
		{66BA2D52-1A5B-43CC-8ED4-90F9A5D98606}.Release|Any CPU.ActiveCfg = Release|Any CPU
		{66BA2D52-1A5B-43CC-8ED4-90F9A5D98606}.Release|Any CPU.Build.0 = Release|Any CPU
	EndGlobalSection
	GlobalSection(SolutionProperties) = preSolution
		HideSolutionNode = FALSE
	EndGlobalSection
	GlobalSection(ExtensibilityGlobals) = postSolution
		SolutionGuid = {864967AF-85FA-4455-9B8D-36455F6109B5}
	EndGlobalSection
EndGlobal
